
Microsoft Visual Studio Solution File, Format Version 12.00
# Visual Studio 2013
VisualStudioVersion = 12.0.31101.0
MinimumVisualStudioVersion = 10.0.40219.1
Project("{FAE04EC0-301F-11D3-BF4B-00C04F79EFBC}") = "Vicsek", "Vicsek\Vicsek.csproj", "{A25FE5DA-FBBA-4FB5-8F8D-F59D38BE8E60}"
EndProject
Project("{8BC9CEB8-8B4A-11D0-8D11-00A0C91BC942}") = "Vicsek_AMPConsole", "Vicsek_AMPConsole\Vicsek_AMPConsole.vcxproj", "{CE66B723-B055-4E38-9537-DC0DC2DEBE4A}"
EndProject
Global
	GlobalSection(SolutionConfigurationPlatforms) = preSolution
		AMP_Release|Any CPU = AMP_Release|Any CPU
		AMP_Release|Mixed Platforms = AMP_Release|Mixed Platforms
		AMP_Release|Win32 = AMP_Release|Win32
		AMP_Release|x64 = AMP_Release|x64
		Debug|Any CPU = Debug|Any CPU
		Debug|Mixed Platforms = Debug|Mixed Platforms
		Debug|Win32 = Debug|Win32
		Debug|x64 = Debug|x64
		Profile|Any CPU = Profile|Any CPU
		Profile|Mixed Platforms = Profile|Mixed Platforms
		Profile|Win32 = Profile|Win32
		Profile|x64 = Profile|x64
		Release|Any CPU = Release|Any CPU
		Release|Mixed Platforms = Release|Mixed Platforms
		Release|Win32 = Release|Win32
		Release|x64 = Release|x64
		Test|Any CPU = Test|Any CPU
		Test|Mixed Platforms = Test|Mixed Platforms
		Test|Win32 = Test|Win32
		Test|x64 = Test|x64
	EndGlobalSection
	GlobalSection(ProjectConfigurationPlatforms) = postSolution
		{A25FE5DA-FBBA-4FB5-8F8D-F59D38BE8E60}.AMP_Release|Any CPU.ActiveCfg = AMP_Release|Any CPU
		{A25FE5DA-FBBA-4FB5-8F8D-F59D38BE8E60}.AMP_Release|Mixed Platforms.ActiveCfg = AMP_Release|Any CPU
		{A25FE5DA-FBBA-4FB5-8F8D-F59D38BE8E60}.AMP_Release|Mixed Platforms.Build.0 = AMP_Release|Any CPU
		{A25FE5DA-FBBA-4FB5-8F8D-F59D38BE8E60}.AMP_Release|Win32.ActiveCfg = AMP_Release|Any CPU
		{A25FE5DA-FBBA-4FB5-8F8D-F59D38BE8E60}.AMP_Release|x64.ActiveCfg = AMP_Release|Any CPU
		{A25FE5DA-FBBA-4FB5-8F8D-F59D38BE8E60}.Debug|Any CPU.ActiveCfg = Test|Any CPU
		{A25FE5DA-FBBA-4FB5-8F8D-F59D38BE8E60}.Debug|Mixed Platforms.ActiveCfg = Debug|Any CPU
		{A25FE5DA-FBBA-4FB5-8F8D-F59D38BE8E60}.Debug|Mixed Platforms.Build.0 = Debug|Any CPU
		{A25FE5DA-FBBA-4FB5-8F8D-F59D38BE8E60}.Debug|Win32.ActiveCfg = Test|Any CPU
		{A25FE5DA-FBBA-4FB5-8F8D-F59D38BE8E60}.Debug|Win32.Build.0 = Test|Any CPU
		{A25FE5DA-FBBA-4FB5-8F8D-F59D38BE8E60}.Debug|x64.ActiveCfg = Debug|Any CPU
		{A25FE5DA-FBBA-4FB5-8F8D-F59D38BE8E60}.Profile|Any CPU.ActiveCfg = Test|Any CPU
		{A25FE5DA-FBBA-4FB5-8F8D-F59D38BE8E60}.Profile|Mixed Platforms.ActiveCfg = Release|Any CPU
		{A25FE5DA-FBBA-4FB5-8F8D-F59D38BE8E60}.Profile|Mixed Platforms.Build.0 = Release|Any CPU
		{A25FE5DA-FBBA-4FB5-8F8D-F59D38BE8E60}.Profile|Win32.ActiveCfg = Test|Any CPU
		{A25FE5DA-FBBA-4FB5-8F8D-F59D38BE8E60}.Profile|Win32.Build.0 = Test|Any CPU
		{A25FE5DA-FBBA-4FB5-8F8D-F59D38BE8E60}.Profile|x64.ActiveCfg = Release|Any CPU
		{A25FE5DA-FBBA-4FB5-8F8D-F59D38BE8E60}.Release|Any CPU.ActiveCfg = Test|Any CPU
		{A25FE5DA-FBBA-4FB5-8F8D-F59D38BE8E60}.Release|Mixed Platforms.ActiveCfg = Release|Any CPU
		{A25FE5DA-FBBA-4FB5-8F8D-F59D38BE8E60}.Release|Mixed Platforms.Build.0 = Release|Any CPU
		{A25FE5DA-FBBA-4FB5-8F8D-F59D38BE8E60}.Release|Win32.ActiveCfg = Test|Any CPU
		{A25FE5DA-FBBA-4FB5-8F8D-F59D38BE8E60}.Release|Win32.Build.0 = Test|Any CPU
		{A25FE5DA-FBBA-4FB5-8F8D-F59D38BE8E60}.Release|x64.ActiveCfg = Release|Any CPU
		{A25FE5DA-FBBA-4FB5-8F8D-F59D38BE8E60}.Test|Any CPU.ActiveCfg = Test|Any CPU
		{A25FE5DA-FBBA-4FB5-8F8D-F59D38BE8E60}.Test|Mixed Platforms.ActiveCfg = Test|Any CPU
		{A25FE5DA-FBBA-4FB5-8F8D-F59D38BE8E60}.Test|Mixed Platforms.Build.0 = Test|Any CPU
		{A25FE5DA-FBBA-4FB5-8F8D-F59D38BE8E60}.Test|Win32.ActiveCfg = Test|Any CPU
		{A25FE5DA-FBBA-4FB5-8F8D-F59D38BE8E60}.Test|Win32.Build.0 = Test|Any CPU
		{A25FE5DA-FBBA-4FB5-8F8D-F59D38BE8E60}.Test|x64.ActiveCfg = Test|Any CPU
		{CE66B723-B055-4E38-9537-DC0DC2DEBE4A}.AMP_Release|Any CPU.ActiveCfg = AMP_Release|Win32
		{CE66B723-B055-4E38-9537-DC0DC2DEBE4A}.AMP_Release|Any CPU.Build.0 = AMP_Release|Win32
		{CE66B723-B055-4E38-9537-DC0DC2DEBE4A}.AMP_Release|Mixed Platforms.ActiveCfg = AMP_Release|Win32
		{CE66B723-B055-4E38-9537-DC0DC2DEBE4A}.AMP_Release|Mixed Platforms.Build.0 = AMP_Release|Win32
		{CE66B723-B055-4E38-9537-DC0DC2DEBE4A}.AMP_Release|Win32.ActiveCfg = AMP_Release|Win32
		{CE66B723-B055-4E38-9537-DC0DC2DEBE4A}.AMP_Release|Win32.Build.0 = AMP_Release|Win32
		{CE66B723-B055-4E38-9537-DC0DC2DEBE4A}.AMP_Release|x64.ActiveCfg = AMP_Release|Win32
		{CE66B723-B055-4E38-9537-DC0DC2DEBE4A}.Debug|Any CPU.ActiveCfg = Debug|Win32
		{CE66B723-B055-4E38-9537-DC0DC2DEBE4A}.Debug|Mixed Platforms.ActiveCfg = Debug|Win32
		{CE66B723-B055-4E38-9537-DC0DC2DEBE4A}.Debug|Mixed Platforms.Build.0 = Debug|Win32
		{CE66B723-B055-4E38-9537-DC0DC2DEBE4A}.Debug|Win32.ActiveCfg = Debug|Win32
		{CE66B723-B055-4E38-9537-DC0DC2DEBE4A}.Debug|Win32.Build.0 = Debug|Win32
		{CE66B723-B055-4E38-9537-DC0DC2DEBE4A}.Debug|x64.ActiveCfg = Debug|Win32
		{CE66B723-B055-4E38-9537-DC0DC2DEBE4A}.Profile|Any CPU.ActiveCfg = Release|Win32
		{CE66B723-B055-4E38-9537-DC0DC2DEBE4A}.Profile|Mixed Platforms.ActiveCfg = Release|Win32
		{CE66B723-B055-4E38-9537-DC0DC2DEBE4A}.Profile|Mixed Platforms.Build.0 = Release|Win32
		{CE66B723-B055-4E38-9537-DC0DC2DEBE4A}.Profile|Win32.ActiveCfg = Release|Win32
		{CE66B723-B055-4E38-9537-DC0DC2DEBE4A}.Profile|Win32.Build.0 = Release|Win32
		{CE66B723-B055-4E38-9537-DC0DC2DEBE4A}.Profile|x64.ActiveCfg = Release|Win32
		{CE66B723-B055-4E38-9537-DC0DC2DEBE4A}.Release|Any CPU.ActiveCfg = Release|Win32
		{CE66B723-B055-4E38-9537-DC0DC2DEBE4A}.Release|Any CPU.Build.0 = Release|Win32
		{CE66B723-B055-4E38-9537-DC0DC2DEBE4A}.Release|Mixed Platforms.ActiveCfg = Release|Win32
		{CE66B723-B055-4E38-9537-DC0DC2DEBE4A}.Release|Mixed Platforms.Build.0 = Release|Win32
		{CE66B723-B055-4E38-9537-DC0DC2DEBE4A}.Release|Win32.ActiveCfg = Release|Win32
		{CE66B723-B055-4E38-9537-DC0DC2DEBE4A}.Release|Win32.Build.0 = Release|Win32
		{CE66B723-B055-4E38-9537-DC0DC2DEBE4A}.Release|x64.ActiveCfg = Release|Win32
		{CE66B723-B055-4E38-9537-DC0DC2DEBE4A}.Test|Any CPU.ActiveCfg = Release|Win32
		{CE66B723-B055-4E38-9537-DC0DC2DEBE4A}.Test|Mixed Platforms.ActiveCfg = Release|Win32
		{CE66B723-B055-4E38-9537-DC0DC2DEBE4A}.Test|Mixed Platforms.Build.0 = Release|Win32
		{CE66B723-B055-4E38-9537-DC0DC2DEBE4A}.Test|Win32.ActiveCfg = Release|Win32
		{CE66B723-B055-4E38-9537-DC0DC2DEBE4A}.Test|Win32.Build.0 = Release|Win32
		{CE66B723-B055-4E38-9537-DC0DC2DEBE4A}.Test|x64.ActiveCfg = Release|Win32
	EndGlobalSection
	GlobalSection(SolutionProperties) = preSolution
		HideSolutionNode = FALSE
	EndGlobalSection
EndGlobal
